{
  "name": "tile-enumeriator",
  "version": "1.0.0",
  "lockfileVersion": 2,
  "requires": true,
  "packages": {
    "": {
      "version": "1.0.0",
      "license": "ISC",
      "dependencies": {
        "@mapbox/sphericalmercator": "^1.1.0",
        "@mapbox/tilebelt": "^1.0.2",
        "geojson-vt": "^3.2.1"
      }
    },
    "node_modules/@mapbox/sphericalmercator": {
      "version": "1.1.0",
      "resolved": "https://registry.npmjs.org/@mapbox/sphericalmercator/-/sphericalmercator-1.1.0.tgz",
      "integrity": "sha512-pEsfZyG4OMThlfFQbCte4gegvHUjxXCjz0KZ4Xk8NdOYTQBLflj6U8PL05RPAiuRAMAQNUUKJuL6qYZ5Y4kAWA==",
      "bin": {
        "bbox": "bin/bbox.js",
        "to4326": "bin/to4326.js",
        "to900913": "bin/to900913.js",
        "xyz": "bin/xyz.js"
      }
    },
    "node_modules/@mapbox/tilebelt": {
      "version": "1.0.2",
      "resolved": "https://registry.npmjs.org/@mapbox/tilebelt/-/tilebelt-1.0.2.tgz",
      "integrity": "sha512-tGJN2VIgWrXqBTPIxFVklklIpcy6ss8W5ouq+cjNLXPXFraRaDR4Ice+5Q8/uLX+6aH23lWBMydOIn8PcdVcpA=="
    },
    "node_modules/geojson-vt": {
      "version": "3.2.1",
      "resolved": "https://registry.npmjs.org/geojson-vt/-/geojson-vt-3.2.1.tgz",
      "integrity": "sha512-EvGQQi/zPrDA6zr6BnJD/YhwAkBP8nnJ9emh3EnHQKVMfg/MRVtPbMYdgVy/IaEmn4UfagD2a6fafPDL5hbtwg=="
    }
  },
  "dependencies": {
    "@mapbox/sphericalmercator": {
      "version": "1.1.0",
      "resolved": "https://registry.npmjs.org/@mapbox/sphericalmercator/-/sphericalmercator-1.1.0.tgz",
      "integrity": "sha512-pEsfZyG4OMThlfFQbCte4gegvHUjxXCjz0KZ4Xk8NdOYTQBLflj6U8PL05RPAiuRAMAQNUUKJuL6qYZ5Y4kAWA=="
    },
    "@mapbox/tilebelt": {
      "version": "1.0.2",
      "resolved": "https://registry.npmjs.org/@mapbox/tilebelt/-/tilebelt-1.0.2.tgz",
      "integrity": "sha512-tGJN2VIgWrXqBTPIxFVklklIpcy6ss8W5ouq+cjNLXPXFraRaDR4Ice+5Q8/uLX+6aH23lWBMydOIn8PcdVcpA=="
    },
    "geojson-vt": {
      "version": "3.2.1",
      "resolved": "https://registry.npmjs.org/geojson-vt/-/geojson-vt-3.2.1.tgz",
      "integrity": "sha512-EvGQQi/zPrDA6zr6BnJD/YhwAkBP8nnJ9emh3EnHQKVMfg/MRVtPbMYdgVy/IaEmn4UfagD2a6fafPDL5hbtwg=="
    }
  }
}
